Microsoft Visual Studio Solution File, Format Version 12.00
# Visual Studio Version 17
VisualStudioVersion = 17.5.2.0
MinimumVisualStudioVersion = 10.0.40219.1
Project("{FAE04EC0-301F-11D3-BF4B-00C04F79EFBC}") = "styczen23", "styczen23.csproj", "{DDB1FA69-1D51-2DA1-376B-FF6FD65A19B2}"
EndProject
Global
	GlobalSection(SolutionConfigurationPlatforms) = preSolution
		Debug|Any CPU = Debug|Any CPU
		Release|Any CPU = Release|Any CPU
	EndGlobalSection
	GlobalSection(ProjectConfigurationPlatforms) = postSolution
		{DDB1FA69-1D51-2DA1-376B-FF6FD65A19B2}.Debug|Any CPU.ActiveCfg = Debug|Any CPU
		{DDB1FA69-1D51-2DA1-376B-FF6FD65A19B2}.Debug|Any CPU.Build.0 = Debug|Any CPU
		{DDB1FA69-1D51-2DA1-376B-FF6FD65A19B2}.Release|Any CPU.ActiveCfg = Release|Any CPU
		{DDB1FA69-1D51-2DA1-376B-FF6FD65A19B2}.Release|Any CPU.Build.0 = Release|Any CPU
	EndGlobalSection
	GlobalSection(SolutionProperties) = preSolution
		HideSolutionNode = FALSE
	EndGlobalSection
	GlobalSection(ExtensibilityGlobals) = postSolution
		SolutionGuid = {9F97E7ED-C8D3-4A67-A15E-B7FA695513BB}
	EndGlobalSection
EndGlobal
